
Microsoft Visual Studio Solution File, Format Version 12.00
# Visual Studio Version 17
VisualStudioVersion = 17.2.32526.322
MinimumVisualStudioVersion = 10.0.40219.1
Project("{2150E333-8FDC-42A3-9474-1A3956D46DE8}") = "Tests", "Tests", "{04EDDACC-24BB-456B-98E1-DBB2C08EA2D7}"
EndProject
Project("{2150E333-8FDC-42A3-9474-1A3956D46DE8}") = "src", "src", "{084A7DD6-76F8-4558-B135-414598A2E3FE}"
EndProject
Project("{9A19103F-16F7-4668-BE54-9A1E7A4F7556}") = "AuthenticationService", "src\AuthenticationService\AuthenticationService.csproj", "{40B2628C-A2DF-4308-A180-37F79A39FD3D}"
EndProject
Project("{9A19103F-16F7-4668-BE54-9A1E7A4F7556}") = "AuthenticationService.Tests", "tests\AuthenticationService.Tests\AuthenticationService.Tests.csproj", "{B4061D24-8223-4A5D-9F7D-C5E697E08ACC}"
EndProject
Project("{2150E333-8FDC-42A3-9474-1A3956D46DE8}") = "documentation", "documentation", "{41A8303F-CEB2-4B91-97C6-A4FD37BFB9DC}"
	ProjectSection(SolutionItems) = preProject
		documentation\Budgets.docx = documentation\Budgets.docx
	EndProjectSection
EndProject
Project("{2150E333-8FDC-42A3-9474-1A3956D46DE8}") = "config", "config", "{FF669697-C5E3-4F2B-9E47-3FED10B0B800}"
	ProjectSection(SolutionItems) = preProject
		Buildspec.yml = Buildspec.yml
	EndProjectSection
EndProject
Global
	GlobalSection(SolutionConfigurationPlatforms) = preSolution
		Debug|Any CPU = Debug|Any CPU
		Release|Any CPU = Release|Any CPU
	EndGlobalSection
	GlobalSection(ProjectConfigurationPlatforms) = postSolution
		{40B2628C-A2DF-4308-A180-37F79A39FD3D}.Debug|Any CPU.ActiveCfg = Debug|Any CPU
		{40B2628C-A2DF-4308-A180-37F79A39FD3D}.Debug|Any CPU.Build.0 = Debug|Any CPU
		{40B2628C-A2DF-4308-A180-37F79A39FD3D}.Release|Any CPU.ActiveCfg = Release|Any CPU
		{40B2628C-A2DF-4308-A180-37F79A39FD3D}.Release|Any CPU.Build.0 = Release|Any CPU
		{B4061D24-8223-4A5D-9F7D-C5E697E08ACC}.Debug|Any CPU.ActiveCfg = Debug|Any CPU
		{B4061D24-8223-4A5D-9F7D-C5E697E08ACC}.Debug|Any CPU.Build.0 = Debug|Any CPU
		{B4061D24-8223-4A5D-9F7D-C5E697E08ACC}.Release|Any CPU.ActiveCfg = Release|Any CPU
		{B4061D24-8223-4A5D-9F7D-C5E697E08ACC}.Release|Any CPU.Build.0 = Release|Any CPU
	EndGlobalSection
	GlobalSection(SolutionProperties) = preSolution
		HideSolutionNode = FALSE
	EndGlobalSection
	GlobalSection(NestedProjects) = preSolution
		{40B2628C-A2DF-4308-A180-37F79A39FD3D} = {084A7DD6-76F8-4558-B135-414598A2E3FE}
		{B4061D24-8223-4A5D-9F7D-C5E697E08ACC} = {04EDDACC-24BB-456B-98E1-DBB2C08EA2D7}
	EndGlobalSection
	GlobalSection(ExtensibilityGlobals) = postSolution
		SolutionGuid = {549EBAB5-B153-48FA-ACB8-BDB7DF8B3079}
	EndGlobalSection
EndGlobal
